// !$*UTF8*$!
{
	archiveVersion = 1;
	classes = {
	};
	objectVersion = 47;
	objects = {

/* Begin PBXBuildFile section */
		46943658A14688258A198B34 /* libPods-AMSVideoPlayer.a in Frameworks */ = {isa = PBXBuildFile; fileRef = BAF9B7E11C75B8D43AFF8782 /* libPods-AMSVideoPlayer.a */; };
		A302FF001CE8CB1200DFA155 /* AMSVideoPlayerView.m in Sources */ = {isa = PBXBuildFile; fileRef = A302FEFF1CE8CB1200DFA155 /* AMSVideoPlayerView.m */; };
		A302FF011CE8CB1200DFA155 /* AMSVideoPlayerView.m in Sources */ = {isa = PBXBuildFile; fileRef = A302FEFF1CE8CB1200DFA155 /* AMSVideoPlayerView.m */; };
		A302FF031CE8CB1E00DFA155 /* AMSVideoPlayerView.xib in Resources */ = {isa = PBXBuildFile; fileRef = A302FF021CE8CB1E00DFA155 /* AMSVideoPlayerView.xib */; };
		A302FF041CE8CB1E00DFA155 /* AMSVideoPlayerView.xib in Resources */ = {isa = PBXBuildFile; fileRef = A302FF021CE8CB1E00DFA155 /* AMSVideoPlayerView.xib */; };
		A30ABCC21CE71E9500D65E97 /* main.m in Sources */ = {isa = PBXBuildFile; fileRef = A30ABCC11CE71E9500D65E97 /* main.m */; };
		A30ABCC51CE71E9500D65E97 /* AppDelegate.m in Sources */ = {isa = PBXBuildFile; fileRef = A30ABCC41CE71E9500D65E97 /* AppDelegate.m */; };
		A30ABCC81CE71E9500D65E97 /* ViewController.m in Sources */ = {isa = PBXBuildFile; fileRef = A30ABCC71CE71E9500D65E97 /* ViewController.m */; };
		A30ABCCB1CE71E9500D65E97 /* Main.storyboard in Resources */ = {isa = PBXBuildFile; fileRef = A30ABCC91CE71E9500D65E97 /* Main.storyboard */; };
		A30ABCCD1CE71E9500D65E97 /* Assets.xcassets in Resources */ = {isa = PBXBuildFile; fileRef = A30ABCCC1CE71E9500D65E97 /* Assets.xcassets */; };
		A30ABCD01CE71E9500D65E97 /* LaunchScreen.storyboard in Resources */ = {isa = PBXBuildFile; fileRef = A30ABCCE1CE71E9500D65E97 /* LaunchScreen.storyboard */; };
		A30ABCDB1CE71E9500D65E97 /* AMSVideoPlayerTests.m in Sources */ = {isa = PBXBuildFile; fileRef = A30ABCDA1CE71E9500D65E97 /* AMSVideoPlayerTests.m */; };
		D6C4D729766D31D3E23AF50D /* libPods-AMSVideoPlayerTests.a in Frameworks */ = {isa = PBXBuildFile; fileRef = 7B64C5BB5D53EA54124D6221 /* libPods-AMSVideoPlayerTests.a */; };
/* End PBXBuildFile section */

/* Begin PBXContainerItemProxy section */
		A30ABCD71CE71E9500D65E97 /* PBXContainerItemProxy */ = {
			isa = PBXContainerItemProxy;
			containerPortal = A30ABCB51CE71E9400D65E97 /* Project object */;
			proxyType = 1;
			remoteGlobalIDString = A30ABCBC1CE71E9500D65E97;
			remoteInfo = AMSVideoPlayer;
		};
/* End PBXContainerItemProxy section */

/* Begin PBXFileReference section */
		07CE3E4EA175F36F12BD12CF /* Pods-AMSVideoPlayerTests.debug.xcconfig */ = {isa = PBXFileReference; includeInIndex = 1; lastKnownFileType = text.xcconfig; name = "Pods-AMSVideoPlayerTests.debug.xcconfig"; path = "Pods/Target Support Files/Pods-AMSVideoPlayerTests/Pods-AMSVideoPlayerTests.debug.xcconfig"; sourceTree = "<group>"; };
		39B196255AD36D1DD35C511D /* Pods-AMSVideoPlayerTests.release.xcconfig */ = {isa = PBXFileReference; includeInIndex = 1; lastKnownFileType = text.xcconfig; name = "Pods-AMSVideoPlayerTests.release.xcconfig"; path = "Pods/Target Support Files/Pods-AMSVideoPlayerTests/Pods-AMSVideoPlayerTests.release.xcconfig"; sourceTree = "<group>"; };
		7B64C5BB5D53EA54124D6221 /* libPods-AMSVideoPlayerTests.a */ = {isa = PBXFileReference; explicitFileType = archive.ar; includeInIndex = 0; path = "libPods-AMSVideoPlayerTests.a"; sourceTree = BUILT_PRODUCTS_DIR; };
		7F2339DBD3BDFB9569D727A5 /* Pods-AMSVideoPlayer.debug.xcconfig */ = {isa = PBXFileReference; includeInIndex = 1; lastKnownFileType = text.xcconfig; name = "Pods-AMSVideoPlayer.debug.xcconfig"; path = "Pods/Target Support Files/Pods-AMSVideoPlayer/Pods-AMSVideoPlayer.debug.xcconfig"; sourceTree = "<group>"; };
		9476CC1A286091D9D86015C3 /* Pods-AMSVideoPlayer.release.xcconfig */ = {isa = PBXFileReference; includeInIndex = 1; lastKnownFileType = text.xcconfig; name = "Pods-AMSVideoPlayer.release.xcconfig"; path = "Pods/Target Support Files/Pods-AMSVideoPlayer/Pods-AMSVideoPlayer.release.xcconfig"; sourceTree = "<group>"; };
		A302FEFE1CE8CB1200DFA155 /* AMSVideoPlayerView.h */ = {isa = PBXFileReference; fileEncoding = 4; lastKnownFileType = sourcecode.c.h; path = AMSVideoPlayerView.h; sourceTree = "<group>"; };
		A302FEFF1CE8CB1200DFA155 /* AMSVideoPlayerView.m */ = {isa = PBXFileReference; fileEncoding = 4; lastKnownFileType = sourcecode.c.objc; path = AMSVideoPlayerView.m; sourceTree = "<group>"; };
		A302FF021CE8CB1E00DFA155 /* AMSVideoPlayerView.xib */ = {isa = PBXFileReference; fileEncoding = 4; lastKnownFileType = file.xib; path = AMSVideoPlayerView.xib; sourceTree = "<group>"; };
		A30ABCBD1CE71E9500D65E97 /* AMSVideoPlayer.app */ = {isa = PBXFileReference; explicitFileType = wrapper.application; includeInIndex = 0; path = AMSVideoPlayer.app; sourceTree = BUILT_PRODUCTS_DIR; };
		A30ABCC11CE71E9500D65E97 /* main.m */ = {isa = PBXFileReference; lastKnownFileType = sourcecode.c.objc; path = main.m; sourceTree = "<group>"; };
		A30ABCC31CE71E9500D65E97 /* AppDelegate.h */ = {isa = PBXFileReference; lastKnownFileType = sourcecode.c.h; path = AppDelegate.h; sourceTree = "<group>"; };
		A30ABCC41CE71E9500D65E97 /* AppDelegate.m */ = {isa = PBXFileReference; lastKnownFileType = sourcecode.c.objc; path = AppDelegate.m; sourceTree = "<group>"; };
		A30ABCC61CE71E9500D65E97 /* ViewController.h */ = {isa = PBXFileReference; lastKnownFileType = sourcecode.c.h; path = ViewController.h; sourceTree = "<group>"; };
		A30ABCC71CE71E9500D65E97 /* ViewController.m */ = {isa = PBXFileReference; lastKnownFileType = sourcecode.c.objc; path = ViewController.m; sourceTree = "<group>"; };
		A30ABCCA1CE71E9500D65E97 /* Base */ = {isa = PBXFileReference; lastKnownFileType = file.storyboard; name = Base; path = Base.lproj/Main.storyboard; sourceTree = "<group>"; };
		A30ABCCC1CE71E9500D65E97 /* Assets.xcassets */ = {isa = PBXFileReference; lastKnownFileType = folder.assetcatalog; path = Assets.xcassets; sourceTree = "<group>"; };
		A30ABCCF1CE71E9500D65E97 /* Base */ = {isa = PBXFileReference; lastKnownFileType = file.storyboard; name = Base; path = Base.lproj/LaunchScreen.storyboard; sourceTree = "<group>"; };
		A30ABCD11CE71E9500D65E97 /* Info.plist */ = {isa = PBXFileReference; lastKnownFileType = text.plist.xml; path = Info.plist; sourceTree = "<group>"; };
		A30ABCD61CE71E9500D65E97 /* AMSVideoPlayerTests.xctest */ = {isa = PBXFileReference; explicitFileType = wrapper.cfbundle; includeInIndex = 0; path = AMSVideoPlayerTests.xctest; sourceTree = BUILT_PRODUCTS_DIR; };
		A30ABCDA1CE71E9500D65E97 /* AMSVideoPlayerTests.m */ = {isa = PBXFileReference; lastKnownFileType = sourcecode.c.objc; path = AMSVideoPlayerTests.m; sourceTree = "<group>"; };
		A30ABCDC1CE71E9500D65E97 /* Info.plist */ = {isa = PBXFileReference; lastKnownFileType = text.plist.xml; path = Info.plist; sourceTree = "<group>"; };
		BAF9B7E11C75B8D43AFF8782 /* libPods-AMSVideoPlayer.a */ = {isa = PBXFileReference; explicitFileType = archive.ar; includeInIndex = 0; path = "libPods-AMSVideoPlayer.a"; sourceTree = BUILT_PRODUCTS_DIR; };
/* End PBXFileReference section */

/* Begin PBXFrameworksBuildPhase section */
		A30ABCBA1CE71E9500D65E97 /* Frameworks */ = {
			isa = PBXFrameworksBuildPhase;
			buildActionMask = 2147483647;
			files = (
				46943658A14688258A198B34 /* libPods-AMSVideoPlayer.a in Frameworks */,
			);
			runOnlyForDeploymentPostprocessing = 0;
		};
		A30ABCD31CE71E9500D65E97 /* Frameworks */ = {
			isa = PBXFrameworksBuildPhase;
			buildActionMask = 2147483647;
			files = (
				D6C4D729766D31D3E23AF50D /* libPods-AMSVideoPlayerTests.a in Frameworks */,
			);
			runOnlyForDeploymentPostprocessing = 0;
		};
/* End PBXFrameworksBuildPhase section */

/* Begin PBXGroup section */
		0204EC631624E6A89391B4F0 /* Pods */ = {
			isa = PBXGroup;
			children = (
				7F2339DBD3BDFB9569D727A5 /* Pods-AMSVideoPlayer.debug.xcconfig */,
				9476CC1A286091D9D86015C3 /* Pods-AMSVideoPlayer.release.xcconfig */,
				07CE3E4EA175F36F12BD12CF /* Pods-AMSVideoPlayerTests.debug.xcconfig */,
				39B196255AD36D1DD35C511D /* Pods-AMSVideoPlayerTests.release.xcconfig */,
			);
			name = Pods;
			sourceTree = "<group>";
		};
		387E92279C5E9772841452E0 /* Frameworks */ = {
			isa = PBXGroup;
			children = (
				BAF9B7E11C75B8D43AFF8782 /* libPods-AMSVideoPlayer.a */,
				7B64C5BB5D53EA54124D6221 /* libPods-AMSVideoPlayerTests.a */,
			);
			name = Frameworks;
			sourceTree = "<group>";
		};
		A30ABCB41CE71E9400D65E97 = {
			isa = PBXGroup;
			children = (
				A30ABCBF1CE71E9500D65E97 /* AMSVideoPlayer */,
				A30ABCD91CE71E9500D65E97 /* AMSVideoPlayerTests */,
				A30ABCBE1CE71E9500D65E97 /* Products */,
				0204EC631624E6A89391B4F0 /* Pods */,
				387E92279C5E9772841452E0 /* Frameworks */,
			);
			sourceTree = "<group>";
		};
		A30ABCBE1CE71E9500D65E97 /* Products */ = {
			isa = PBXGroup;
			children = (
				A30ABCBD1CE71E9500D65E97 /* AMSVideoPlayer.app */,
				A30ABCD61CE71E9500D65E97 /* AMSVideoPlayerTests.xctest */,
			);
			name = Products;
			sourceTree = "<group>";
		};
		A30ABCBF1CE71E9500D65E97 /* AMSVideoPlayer */ = {
			isa = PBXGroup;
			children = (
				A3487EC41CE7789B0024043B /* AMSVideoPlayer */,
				A30ABCC31CE71E9500D65E97 /* AppDelegate.h */,
				A30ABCC41CE71E9500D65E97 /* AppDelegate.m */,
				A30ABCC61CE71E9500D65E97 /* ViewController.h */,
				A30ABCC71CE71E9500D65E97 /* ViewController.m */,
				A30ABCC91CE71E9500D65E97 /* Main.storyboard */,
				A30ABCCC1CE71E9500D65E97 /* Assets.xcassets */,
				A30ABCCE1CE71E9500D65E97 /* LaunchScreen.storyboard */,
				A30ABCD11CE71E9500D65E97 /* Info.plist */,
				A30ABCC01CE71E9500D65E97 /* Supporting Files */,
			);
			path = AMSVideoPlayer;
			sourceTree = "<group>";
		};
		A30ABCC01CE71E9500D65E97 /* Supporting Files */ = {
			isa = PBXGroup;
			children = (
				A30ABCC11CE71E9500D65E97 /* main.m */,
			);
			name = "Supporting Files";
			sourceTree = "<group>";
		};
		A30ABCD91CE71E9500D65E97 /* AMSVideoPlayerTests */ = {
			isa = PBXGroup;
			children = (
				A30ABCDA1CE71E9500D65E97 /* AMSVideoPlayerTests.m */,
				A30ABCDC1CE71E9500D65E97 /* Info.plist */,
			);
			path = AMSVideoPlayerTests;
			sourceTree = "<group>";
		};
		A3487EC41CE7789B0024043B /* AMSVideoPlayer */ = {
			isa = PBXGroup;
			children = (
				A302FEFE1CE8CB1200DFA155 /* AMSVideoPlayerView.h */,
				A302FEFF1CE8CB1200DFA155 /* AMSVideoPlayerView.m */,
				A302FF021CE8CB1E00DFA155 /* AMSVideoPlayerView.xib */,
			);
			path = AMSVideoPlayer;
			sourceTree = "<group>";
		};
/* End PBXGroup section */

/* Begin PBXNativeTarget section */
		A30ABCBC1CE71E9500D65E97 /* AMSVideoPlayer */ = {
			isa = PBXNativeTarget;
			buildConfigurationList = A30ABCDF1CE71E9500D65E97 /* Build configuration list for PBXNativeTarget "AMSVideoPlayer" */;
			buildPhases = (
				05F00F1B57C5CDB11710B52B /* 📦 Check Pods Manifest.lock */,
				A30ABCB91CE71E9500D65E97 /* Sources */,
				A30ABCBA1CE71E9500D65E97 /* Frameworks */,
				A30ABCBB1CE71E9500D65E97 /* Resources */,
				9FCF191A2C655BD5E8F1DA28 /* 📦 Embed Pods Frameworks */,
				D2993CC3F912B1F9E02A230E /* 📦 Copy Pods Resources */,
			);
			buildRules = (
			);
			dependencies = (
			);
			name = AMSVideoPlayer;
			productName = AMSVideoPlayer;
			productReference = A30ABCBD1CE71E9500D65E97 /* AMSVideoPlayer.app */;
			productType = "com.apple.product-type.application";
		};
		A30ABCD51CE71E9500D65E97 /* AMSVideoPlayerTests */ = {
			isa = PBXNativeTarget;
			buildConfigurationList = A30ABCE21CE71E9500D65E97 /* Build configuration list for PBXNativeTarget "AMSVideoPlayerTests" */;
			buildPhases = (
				83D87292157C38AA749055C9 /* 📦 Check Pods Manifest.lock */,
				A30ABCD21CE71E9500D65E97 /* Sources */,
				A30ABCD31CE71E9500D65E97 /* Frameworks */,
				A30ABCD41CE71E9500D65E97 /* Resources */,
				19B1D2A3E36DD8869947978B /* 📦 Embed Pods Frameworks */,
				60CD51C85D4135DFAAA79652 /* 📦 Copy Pods Resources */,
			);
			buildRules = (
			);
			dependencies = (
				A30ABCD81CE71E9500D65E97 /* PBXTargetDependency */,
			);
			name = AMSVideoPlayerTests;
			productName = AMSVideoPlayerTests;
			productReference = A30ABCD61CE71E9500D65E97 /* AMSVideoPlayerTests.xctest */;
			productType = "com.apple.product-type.bundle.unit-test";
		};
/* End PBXNativeTarget section */

/* Begin PBXProject section */
		A30ABCB51CE71E9400D65E97 /* Project object */ = {
			isa = PBXProject;
			attributes = {
				CLASSPREFIX = AMS;
				LastUpgradeCheck = 0730;
				ORGANIZATIONNAME = Talenton;
				TargetAttributes = {
					A30ABCBC1CE71E9500D65E97 = {
						CreatedOnToolsVersion = 7.3.1;
					};
					A30ABCD51CE71E9500D65E97 = {
						CreatedOnToolsVersion = 7.3.1;
						TestTargetID = A30ABCBC1CE71E9500D65E97;
					};
				};
			};
			buildConfigurationList = A30ABCB81CE71E9400D65E97 /* Build configuration list for PBXProject "AMSVideoPlayer" */;
			compatibilityVersion = "Xcode 6.3";
			developmentRegion = English;
			hasScannedForEncodings = 0;
			knownRegions = (
				en,
				Base,
			);
			mainGroup = A30ABCB41CE71E9400D65E97;
			productRefGroup = A30ABCBE1CE71E9500D65E97 /* Products */;
			projectDirPath = "";
			projectRoot = "";
			targets = (
				A30ABCBC1CE71E9500D65E97 /* AMSVideoPlayer */,
				A30ABCD51CE71E9500D65E97 /* AMSVideoPlayerTests */,
			);
		};
/* End PBXProject section */

/* Begin PBXResourcesBuildPhase section */
		A30ABCBB1CE71E9500D65E97 /* Resources */ = {
			isa = PBXResourcesBuildPhase;
			buildActionMask = 2147483647;
			files = (
				A30ABCD01CE71E9500D65E97 /* LaunchScreen.storyboard in Resources */,
				A30ABCCD1CE71E9500D65E97 /* Assets.xcassets in Resources */,
				A30ABCCB1CE71E9500D65E97 /* Main.storyboard in Resources */,
				A302FF031CE8CB1E00DFA155 /* AMSVideoPlayerView.xib in Resources */,
			);
			runOnlyForDeploymentPostprocessing = 0;
		};
		A30ABCD41CE71E9500D65E97 /* Resources */ = {
			isa = PBXResourcesBuildPhase;
			buildActionMask = 2147483647;
			files = (
				A302FF041CE8CB1E00DFA155 /* AMSVideoPlayerView.xib in Resources */,
			);
			runOnlyForDeploymentPostprocessing = 0;
		};
/* End PBXResourcesBuildPhase section */

/* Begin PBXShellScriptBuildPhase section */
		05F00F1B57C5CDB11710B52B /* 📦 Check Pods Manifest.lock */ = {
			isa = PBXShellScriptBuildPhase;
			buildActionMask = 2147483647;
			files = (
			);
			inputPaths = (
			);
			name = "📦 Check Pods Manifest.lock";
			outputPaths = (
			);
			runOnlyForDeploymentPostprocessing = 0;
			shellPath = /bin/sh;
			shellScript = "diff \"${PODS_ROOT}/../Podfile.lock\" \"${PODS_ROOT}/Manifest.lock\" > /dev/null\nif [[ $? != 0 ]] ; then\n    cat << EOM\nerror: The sandbox is not in sync with the Podfile.lock. Run 'pod install' or update your CocoaPods installation.\nEOM\n    exit 1\nfi\n";
			showEnvVarsInLog = 0;
		};
		19B1D2A3E36DD8869947978B /* 📦 Embed Pods Frameworks */ = {
			isa = PBXShellScriptBuildPhase;
			buildActionMask = 2147483647;
			files = (
			);
			inputPaths = (
			);
			name = "📦 Embed Pods Frameworks";
			outputPaths = (
			);
			runOnlyForDeploymentPostprocessing = 0;
			shellPath = /bin/sh;
			shellScript = "\"${SRCROOT}/Pods/Target Support Files/Pods-AMSVideoPlayerTests/Pods-AMSVideoPlayerTests-frameworks.sh\"\n";
			showEnvVarsInLog = 0;
		};
		60CD51C85D4135DFAAA79652 /* 📦 Copy Pods Resources */ = {
			isa = PBXShellScriptBuildPhase;
			buildActionMask = 2147483647;
			files = (
			);
			inputPaths = (
			);
			name = "📦 Copy Pods Resources";
			outputPaths = (
			);
			runOnlyForDeploymentPostprocessing = 0;
			shellPath = /bin/sh;
			shellScript = "\"${SRCROOT}/Pods/Target Support Files/Pods-AMSVideoPlayerTests/Pods-AMSVideoPlayerTests-resources.sh\"\n";
			showEnvVarsInLog = 0;
		};
		83D87292157C38AA749055C9 /* 📦 Check Pods Manifest.lock */ = {
			isa = PBXShellScriptBuildPhase;
			buildActionMask = 2147483647;
			files = (
			);
			inputPaths = (
			);
			name = "📦 Check Pods Manifest.lock";
			outputPaths = (
			);
			runOnlyForDeploymentPostprocessing = 0;
			shellPath = /bin/sh;
			shellScript = "diff \"${PODS_ROOT}/../Podfile.lock\" \"${PODS_ROOT}/Manifest.lock\" > /dev/null\nif [[ $? != 0 ]] ; then\n    cat << EOM\nerror: The sandbox is not in sync with the Podfile.lock. Run 'pod install' or update your CocoaPods installation.\nEOM\n    exit 1\nfi\n";
			showEnvVarsInLog = 0;
		};
		9FCF191A2C655BD5E8F1DA28 /* 📦 Embed Pods Frameworks */ = {
			isa = PBXShellScriptBuildPhase;
			buildActionMask = 2147483647;
			files = (
			);
			inputPaths = (
			);
			name = "📦 Embed Pods Frameworks";
			outputPaths = (
			);
			runOnlyForDeploymentPostprocessing = 0;
			shellPath = /bin/sh;
			shellScript = "\"${SRCROOT}/Pods/Target Support Files/Pods-AMSVideoPlayer/Pods-AMSVideoPlayer-frameworks.sh\"\n";
			showEnvVarsInLog = 0;
		};
		D2993CC3F912B1F9E02A230E /* 📦 Copy Pods Resources */ = {
			isa = PBXShellScriptBuildPhase;
			buildActionMask = 2147483647;
			files = (
			);
			inputPaths = (
			);
			name = "📦 Copy Pods Resources";
			outputPaths = (
			);
			runOnlyForDeploymentPostprocessing = 0;
			shellPath = /bin/sh;
			shellScript = "\"${SRCROOT}/Pods/Target Support Files/Pods-AMSVideoPlayer/Pods-AMSVideoPlayer-resources.sh\"\n";
			showEnvVarsInLog = 0;
		};
/* End PBXShellScriptBuildPhase section */

/* Begin PBXSourcesBuildPhase section */
		A30ABCB91CE71E9500D65E97 /* Sources */ = {
			isa = PBXSourcesBuildPhase;
			buildActionMask = 2147483647;
			files = (
				A30ABCC81CE71E9500D65E97 /* ViewController.m in Sources */,
				A30ABCC51CE71E9500D65E97 /* AppDelegate.m in Sources */,
				A302FF001CE8CB1200DFA155 /* AMSVideoPlayerView.m in Sources */,
				A30ABCC21CE71E9500D65E97 /* main.m in Sources */,
			);
			runOnlyForDeploymentPostprocessing = 0;
		};
		A30ABCD21CE71E9500D65E97 /* Sources */ = {
			isa = PBXSourcesBuildPhase;
			buildActionMask = 2147483647;
			files = (
				A30ABCDB1CE71E9500D65E97 /* AMSVideoPlayerTests.m in Sources */,
				A302FF011CE8CB1200DFA155 /* AMSVideoPlayerView.m in Sources */,
			);
			runOnlyForDeploymentPostprocessing = 0;
		};
/* End PBXSourcesBuildPhase section */

/* Begin PBXTargetDependency section */
		A30ABCD81CE71E9500D65E97 /* PBXTargetDependency */ = {
			isa = PBXTargetDependency;
			target = A30ABCBC1CE71E9500D65E97 /* AMSVideoPlayer */;
			targetProxy = A30ABCD71CE71E9500D65E97 /* PBXContainerItemProxy */;
		};
/* End PBXTargetDependency section */

/* Begin PBXVariantGroup section */
		A30ABCC91CE71E9500D65E97 /* Main.storyboard */ = {
			isa = PBXVariantGroup;
			children = (
				A30ABCCA1CE71E9500D65E97 /* Base */,
			);
			name = Main.storyboard;
			sourceTree = "<group>";
		};
		A30ABCCE1CE71E9500D65E97 /* LaunchScreen.storyboard */ = {
			isa = PBXVariantGroup;
			children = (
				A30ABCCF1CE71E9500D65E97 /* Base */,
			);
			name = LaunchScreen.storyboard;
			sourceTree = "<group>";
		};
/* End PBXVariantGroup section */

/* Begin XCBuildConfiguration section */
		A30ABCDD1CE71E9500D65E97 /* Debug */ = {
			isa = XCBuildConfiguration;
			buildSettings = {
				ALWAYS_SEARCH_USER_PATHS = NO;
				CLANG_ANALYZER_NONNULL = YES;
				CLANG_CXX_LANGUAGE_STANDARD = "gnu++0x";
				CLANG_CXX_LIBRARY = "libc++";
				CLANG_ENABLE_MODULES = YES;
				CLANG_ENABLE_OBJC_ARC = YES;
				CLANG_WARN_BOOL_CONVERSION = YES;
				CLANG_WARN_CONSTANT_CONVERSION = YES;
				CLANG_WARN_DIRECT_OBJC_ISA_USAGE = YES_ERROR;
				CLANG_WARN_EMPTY_BODY = YES;
				CLANG_WARN_ENUM_CONVERSION = YES;
				CLANG_WARN_INT_CONVERSION = YES;
				CLANG_WARN_OBJC_ROOT_CLASS = YES_ERROR;
				CLANG_WARN_UNREACHABLE_CODE = YES;
				CLANG_WARN__DUPLICATE_METHOD_MATCH = YES;
				"CODE_SIGN_IDENTITY[sdk=iphoneos*]" = "iPhone Developer";
				COPY_PHASE_STRIP = NO;
				DEBUG_INFORMATION_FORMAT = dwarf;
				ENABLE_STRICT_OBJC_MSGSEND = YES;
				ENABLE_TESTABILITY = YES;
				GCC_C_LANGUAGE_STANDARD = gnu99;
				GCC_DYNAMIC_NO_PIC = NO;
				GCC_NO_COMMON_BLOCKS = YES;
				GCC_OPTIMIZATION_LEVEL = 0;
				GCC_PREPROCESSOR_DEFINITIONS = (
					"DEBUG=1",
					"$(inherited)",
				);
				GCC_WARN_64_TO_32_BIT_CONVERSION = YES;
				GCC_WARN_ABOUT_RETURN_TYPE = YES_ERROR;
				GCC_WARN_UNDECLARED_SELECTOR = YES;
				GCC_WARN_UNINITIALIZED_AUTOS = YES_AGGRESSIVE;
				GCC_WARN_UNUSED_FUNCTION = YES;
				GCC_WARN_UNUSED_VARIABLE = YES;
				IPHONEOS_DEPLOYMENT_TARGET = 7.0;
				MTL_ENABLE_DEBUG_INFO = YES;
				ONLY_ACTIVE_ARCH = YES;
				SDKROOT = iphoneos;
				TARGETED_DEVICE_FAMILY = "1,2";
			};
			name = Debug;
		};
		A30ABCDE1CE71E9500D65E97 /* Release */ = {
			isa = XCBuildConfiguration;
			buildSettings = {
				ALWAYS_SEARCH_USER_PATHS = NO;
				CLANG_ANALYZER_NONNULL = YES;
				CLANG_CXX_LANGUAGE_STANDARD = "gnu++0x";
				CLANG_CXX_LIBRARY = "libc++";
				CLANG_ENABLE_MODULES = YES;
				CLANG_ENABLE_OBJC_ARC = YES;
				CLANG_WARN_BOOL_CONVERSION = YES;
				CLANG_WARN_CONSTANT_CONVERSION = YES;
				CLANG_WARN_DIRECT_OBJC_ISA_USAGE = YES_ERROR;
				CLANG_WARN_EMPTY_BODY = YES;
				CLANG_WARN_ENUM_CONVERSION = YES;
				CLANG_WARN_INT_CONVERSION = YES;
				CLANG_WARN_OBJC_ROOT_CLASS = YES_ERROR;
				CLANG_WARN_UNREACHABLE_CODE = YES;
				CLANG_WARN__DUPLICATE_METHOD_MATCH = YES;
				"CODE_SIGN_IDENTITY[sdk=iphoneos*]" = "iPhone Developer";
				COPY_PHASE_STRIP = NO;
				DEBUG_INFORMATION_FORMAT = "dwarf-with-dsym";
				ENABLE_NS_ASSERTIONS = NO;
				ENABLE_STRICT_OBJC_MSGSEND = YES;
				GCC_C_LANGUAGE_STANDARD = gnu99;
				GCC_NO_COMMON_BLOCKS = YES;
				GCC_WARN_64_TO_32_BIT_CONVERSION = YES;
				GCC_WARN_ABOUT_RETURN_TYPE = YES_ERROR;
				GCC_WARN_UNDECLARED_SELECTOR = YES;
				GCC_WARN_UNINITIALIZED_AUTOS = YES_AGGRESSIVE;
				GCC_WARN_UNUSED_FUNCTION = YES;
				GCC_WARN_UNUSED_VARIABLE = YES;
				IPHONEOS_DEPLOYMENT_TARGET = 7.0;
				MTL_ENABLE_DEBUG_INFO = NO;
				SDKROOT = iphoneos;
				TARGETED_DEVICE_FAMILY = "1,2";
				VALIDATE_PRODUCT = YES;
			};
			name = Release;
		};
		A30ABCE01CE71E9500D65E97 /* Debug */ = {
			isa = XCBuildConfiguration;
			baseConfigurationReference = 7F2339DBD3BDFB9569D727A5 /* Pods-AMSVideoPlayer.debug.xcconfig */;
			buildSettings = {
				ASSETCATALOG_COMPILER_APPICON_NAME = AppIcon;
				INFOPLIST_FILE = AMSVideoPlayer/Info.plist;
				LD_RUNPATH_SEARCH_PATHS = "$(inherited) @executable_path/Frameworks";
				PRODUCT_BUNDLE_IDENTIFIER = com.talenton.AMSVideoPlayer;
				PRODUCT_NAME = "$(TARGET_NAME)";
			};
			name = Debug;
		};
		A30ABCE11CE71E9500D65E97 /* Release */ = {
			isa = XCBuildConfiguration;
			baseConfigurationReference = 9476CC1A286091D9D86015C3 /* Pods-AMSVideoPlayer.release.xcconfig */;
			buildSettings = {
				ASSETCATALOG_COMPILER_APPICON_NAME = AppIcon;
				INFOPLIST_FILE = AMSVideoPlayer/Info.plist;
				LD_RUNPATH_SEARCH_PATHS = "$(inherited) @executable_path/Frameworks";
				PRODUCT_BUNDLE_IDENTIFIER = com.talenton.AMSVideoPlayer;
				PRODUCT_NAME = "$(TARGET_NAME)";
			};
			name = Release;
		};
		A30ABCE31CE71E9500D65E97 /* Debug */ = {
			isa = XCBuildConfiguration;
			baseConfigurationReference = 07CE3E4EA175F36F12BD12CF /* Pods-AMSVideoPlayerTests.debug.xcconfig */;
			buildSettings = {
				BUNDLE_LOADER = "$(TEST_HOST)";
				INFOPLIST_FILE = AMSVideoPlayerTests/Info.plist;
				LD_RUNPATH_SEARCH_PATHS = "$(inherited) @executable_path/Frameworks @loader_path/Frameworks";
				PRODUCT_BUNDLE_IDENTIFIER = com.talenton.AMSVideoPlayerTests;
				PRODUCT_NAME = "$(TARGET_NAME)";
				TEST_HOST = "$(BUILT_PRODUCTS_DIR)/AMSVideoPlayer.app/AMSVideoPlayer";
			};
			name = Debug;
		};
		A30ABCE41CE71E9500D65E97 /* Release */ = {
			isa = XCBuildConfiguration;
			baseConfigurationReference = 39B196255AD36D1DD35C511D /* Pods-AMSVideoPlayerTests.release.xcconfig */;
			buildSettings = {
				BUNDLE_LOADER = "$(TEST_HOST)";
				INFOPLIST_FILE = AMSVideoPlayerTests/Info.plist;
				LD_RUNPATH_SEARCH_PATHS = "$(inherited) @executable_path/Frameworks @loader_path/Frameworks";
				PRODUCT_BUNDLE_IDENTIFIER = com.talenton.AMSVideoPlayerTests;
				PRODUCT_NAME = "$(TARGET_NAME)";
				TEST_HOST = "$(BUILT_PRODUCTS_DIR)/AMSVideoPlayer.app/AMSVideoPlayer";
			};
			name = Release;
		};
/* End XCBuildConfiguration section */

/* Begin XCConfigurationList section */
		A30ABCB81CE71E9400D65E97 /* Build configuration list for PBXProject "AMSVideoPlayer" */ = {
			isa = XCConfigurationList;
			buildConfigurations = (
				A30ABCDD1CE71E9500D65E97 /* Debug */,
				A30ABCDE1CE71E9500D65E97 /* Release */,
			);
			defaultConfigurationIsVisible = 0;
			defaultConfigurationName = Release;
		};
		A30ABCDF1CE71E9500D65E97 /* Build configuration list for PBXNativeTarget "AMSVideoPlayer" */ = {
			isa = XCConfigurationList;
			buildConfigurations = (
				A30ABCE01CE71E9500D65E97 /* Debug */,
				A30ABCE11CE71E9500D65E97 /* Release */,
			);
			defaultConfigurationIsVisible = 0;
			defaultConfigurationName = Release;
		};
		A30ABCE21CE71E9500D65E97 /* Build configuration list for PBXNativeTarget "AMSVideoPlayerTests" */ = {
			isa = XCConfigurationList;
			buildConfigurations = (
				A30ABCE31CE71E9500D65E97 /* Debug */,
				A30ABCE41CE71E9500D65E97 /* Release */,
			);
			defaultConfigurationIsVisible = 0;
			defaultConfigurationName = Release;
		};
/* End XCConfigurationList section */
	};
	rootObject = A30ABCB51CE71E9400D65E97 /* Project object */;
}
